// !$*UTF8*$!
{
	archiveVersion = 1;
	classes = {
	};
	objectVersion = 50;
	objects = {

/* Begin PBXBuildFile section */
		06032253B3FAB14B6C17C46D /* Pods_ChilLED.framework in Frameworks */ = {isa = PBXBuildFile; fileRef = 505DE56AC27BB9E397E4C15B /* Pods_ChilLED.framework */; };
		CAAF6BF721F4E3FC004C996C /* AppDelegate.swift in Sources */ = {isa = PBXBuildFile; fileRef = CAAF6BF621F4E3FC004C996C /* AppDelegate.swift */; };
		CAAF6BF921F4E3FC004C996C /* ViewController.swift in Sources */ = {isa = PBXBuildFile; fileRef = CAAF6BF821F4E3FC004C996C /* ViewController.swift */; };
		CAAF6BFC21F4E3FC004C996C /* Main.storyboard in Resources */ = {isa = PBXBuildFile; fileRef = CAAF6BFA21F4E3FC004C996C /* Main.storyboard */; };
		CAAF6BFE21F4E3FE004C996C /* Assets.xcassets in Resources */ = {isa = PBXBuildFile; fileRef = CAAF6BFD21F4E3FE004C996C /* Assets.xcassets */; };
		CAAF6C0121F4E3FE004C996C /* LaunchScreen.storyboard in Resources */ = {isa = PBXBuildFile; fileRef = CAAF6BFF21F4E3FE004C996C /* LaunchScreen.storyboard */; };
		CAAF6C0921F4E622004C996C /* DeviceListViewController.swift in Sources */ = {isa = PBXBuildFile; fileRef = CAAF6C0821F4E622004C996C /* DeviceListViewController.swift */; };
/* End PBXBuildFile section */

/* Begin PBXFileReference section */
		3CAFD85E11D93B0A176572C5 /* Pods-ChilLED.release.xcconfig */ = {isa = PBXFileReference; includeInIndex = 1; lastKnownFileType = text.xcconfig; name = "Pods-ChilLED.release.xcconfig"; path = "Pods/Target Support Files/Pods-ChilLED/Pods-ChilLED.release.xcconfig"; sourceTree = "<group>"; };
		505DE56AC27BB9E397E4C15B /* Pods_ChilLED.framework */ = {isa = PBXFileReference; explicitFileType = wrapper.framework; includeInIndex = 0; path = Pods_ChilLED.framework; sourceTree = BUILT_PRODUCTS_DIR; };
		A4005B5886D903E47C96582E /* Pods-ChilLED.debug.xcconfig */ = {isa = PBXFileReference; includeInIndex = 1; lastKnownFileType = text.xcconfig; name = "Pods-ChilLED.debug.xcconfig"; path = "Pods/Target Support Files/Pods-ChilLED/Pods-ChilLED.debug.xcconfig"; sourceTree = "<group>"; };
		CAAF6BF321F4E3FC004C996C /* ChilLED.app */ = {isa = PBXFileReference; explicitFileType = wrapper.application; includeInIndex = 0; path = ChilLED.app; sourceTree = BUILT_PRODUCTS_DIR; };
		CAAF6BF621F4E3FC004C996C /* AppDelegate.swift */ = {isa = PBXFileReference; lastKnownFileType = sourcecode.swift; path = AppDelegate.swift; sourceTree = "<group>"; };
		CAAF6BF821F4E3FC004C996C /* ViewController.swift */ = {isa = PBXFileReference; lastKnownFileType = sourcecode.swift; path = ViewController.swift; sourceTree = "<group>"; };
		CAAF6BFB21F4E3FC004C996C /* Base */ = {isa = PBXFileReference; lastKnownFileType = file.storyboard; name = Base; path = Base.lproj/Main.storyboard; sourceTree = "<group>"; };
		CAAF6BFD21F4E3FE004C996C /* Assets.xcassets */ = {isa = PBXFileReference; lastKnownFileType = folder.assetcatalog; path = Assets.xcassets; sourceTree = "<group>"; };
		CAAF6C0021F4E3FE004C996C /* Base */ = {isa = PBXFileReference; lastKnownFileType = file.storyboard; name = Base; path = Base.lproj/LaunchScreen.storyboard; sourceTree = "<group>"; };
		CAAF6C0221F4E3FE004C996C /* Info.plist */ = {isa = PBXFileReference; lastKnownFileType = text.plist.xml; path = Info.plist; sourceTree = "<group>"; };
		CAAF6C0821F4E622004C996C /* DeviceListViewController.swift */ = {isa = PBXFileReference; lastKnownFileType = sourcecode.swift; path = DeviceListViewController.swift; sourceTree = "<group>"; };
/* End PBXFileReference section */

/* Begin PBXFrameworksBuildPhase section */
		CAAF6BF021F4E3FC004C996C /* Frameworks */ = {
			isa = PBXFrameworksBuildPhase;
			buildActionMask = 2147483647;
			files = (
				06032253B3FAB14B6C17C46D /* Pods_ChilLED.framework in Frameworks */,
			);
			runOnlyForDeploymentPostprocessing = 0;
		};
/* End PBXFrameworksBuildPhase section */

/* Begin PBXGroup section */
		15B3E5452AF6D937A683C878 /* Frameworks */ = {
			isa = PBXGroup;
			children = (
				505DE56AC27BB9E397E4C15B /* Pods_ChilLED.framework */,
			);
			name = Frameworks;
			sourceTree = "<group>";
		};
		2DE3C2100C3C9F455AAF122D /* Pods */ = {
			isa = PBXGroup;
			children = (
				A4005B5886D903E47C96582E /* Pods-ChilLED.debug.xcconfig */,
				3CAFD85E11D93B0A176572C5 /* Pods-ChilLED.release.xcconfig */,
			);
			name = Pods;
			sourceTree = "<group>";
		};
		CAAF6BEA21F4E3FC004C996C = {
			isa = PBXGroup;
			children = (
				CAAF6BF521F4E3FC004C996C /* ChilLED */,
				CAAF6BF421F4E3FC004C996C /* Products */,
				2DE3C2100C3C9F455AAF122D /* Pods */,
				15B3E5452AF6D937A683C878 /* Frameworks */,
			);
			sourceTree = "<group>";
		};
		CAAF6BF421F4E3FC004C996C /* Products */ = {
			isa = PBXGroup;
			children = (
				CAAF6BF321F4E3FC004C996C /* ChilLED.app */,
			);
			name = Products;
			sourceTree = "<group>";
		};
		CAAF6BF521F4E3FC004C996C /* ChilLED */ = {
			isa = PBXGroup;
			children = (
				CAAF6BF621F4E3FC004C996C /* AppDelegate.swift */,
				CAAF6BF821F4E3FC004C996C /* ViewController.swift */,
				CAAF6BFA21F4E3FC004C996C /* Main.storyboard */,
				CAAF6BFD21F4E3FE004C996C /* Assets.xcassets */,
				CAAF6BFF21F4E3FE004C996C /* LaunchScreen.storyboard */,
				CAAF6C0221F4E3FE004C996C /* Info.plist */,
				CAAF6C0821F4E622004C996C /* DeviceListViewController.swift */,
			);
			path = ChilLED;
			sourceTree = "<group>";
		};
/* End PBXGroup section */

/* Begin PBXNativeTarget section */
		CAAF6BF221F4E3FC004C996C /* ChilLED */ = {
			isa = PBXNativeTarget;
			buildConfigurationList = CAAF6C0521F4E3FE004C996C /* Build configuration list for PBXNativeTarget "ChilLED" */;
			buildPhases = (
				A61CED91410ACD2790613813 /* [CP] Check Pods Manifest.lock */,
				CAAF6BEF21F4E3FC004C996C /* Sources */,
				CAAF6BF021F4E3FC004C996C /* Frameworks */,
				CAAF6BF121F4E3FC004C996C /* Resources */,
				B3B68FC250AFF6F78A01CFA4 /* [CP] Embed Pods Frameworks */,
			);
			buildRules = (
			);
			dependencies = (
			);
			name = ChilLED;
			productName = ChilLED;
			productReference = CAAF6BF321F4E3FC004C996C /* ChilLED.app */;
			productType = "com.apple.product-type.application";
		};
/* End PBXNativeTarget section */

/* Begin PBXProject section */
		CAAF6BEB21F4E3FC004C996C /* Project object */ = {
			isa = PBXProject;
			attributes = {
				LastSwiftUpdateCheck = 1010;
				LastUpgradeCheck = 1010;
				ORGANIZATIONNAME = Guru;
				TargetAttributes = {
					CAAF6BF221F4E3FC004C996C = {
						CreatedOnToolsVersion = 10.1;
					};
				};
			};
			buildConfigurationList = CAAF6BEE21F4E3FC004C996C /* Build configuration list for PBXProject "ChilLED" */;
			compatibilityVersion = "Xcode 9.3";
			developmentRegion = en;
			hasScannedForEncodings = 0;
			knownRegions = (
				en,
				Base,
			);
			mainGroup = CAAF6BEA21F4E3FC004C996C;
			productRefGroup = CAAF6BF421F4E3FC004C996C /* Products */;
			projectDirPath = "";
			projectRoot = "";
			targets = (
				CAAF6BF221F4E3FC004C996C /* ChilLED */,
			);
		};
/* End PBXProject section */

/* Begin PBXResourcesBuildPhase section */
		CAAF6BF121F4E3FC004C996C /* Resources */ = {
			isa = PBXResourcesBuildPhase;
			buildActionMask = 2147483647;
			files = (
				CAAF6C0121F4E3FE004C996C /* LaunchScreen.storyboard in Resources */,
				CAAF6BFE21F4E3FE004C996C /* Assets.xcassets in Resources */,
				CAAF6BFC21F4E3FC004C996C /* Main.storyboard in Resources */,
			);
			runOnlyForDeploymentPostprocessing = 0;
		};
/* End PBXResourcesBuildPhase section */

/* Begin PBXShellScriptBuildPhase section */
		A61CED91410ACD2790613813 /* [CP] Check Pods Manifest.lock */ = {
			isa = PBXShellScriptBuildPhase;
			buildActionMask = 2147483647;
			files = (
			);
			inputFileListPaths = (
			);
			inputPaths = (
				"${PODS_PODFILE_DIR_PATH}/Podfile.lock",
				"${PODS_ROOT}/Manifest.lock",
			);
			name = "[CP] Check Pods Manifest.lock";
			outputFileListPaths = (
			);
			outputPaths = (
				"$(DERIVED_FILE_DIR)/Pods-ChilLED-checkManifestLockResult.txt",
			);
			runOnlyForDeploymentPostprocessing = 0;
			shellPath = /bin/sh;
			shellScript = "diff \"${PODS_PODFILE_DIR_PATH}/Podfile.lock\" \"${PODS_ROOT}/Manifest.lock\" > /dev/null\nif [ $? != 0 ] ; then\n    # print error to STDERR\n    echo \"error: The sandbox is not in sync with the Podfile.lock. Run 'pod install' or update your CocoaPods installation.\" >&2\n    exit 1\nfi\n# This output is used by Xcode 'outputs' to avoid re-running this script phase.\necho \"SUCCESS\" > \"${SCRIPT_OUTPUT_FILE_0}\"\n";
			showEnvVarsInLog = 0;
		};
		B3B68FC250AFF6F78A01CFA4 /* [CP] Embed Pods Frameworks */ = {
			isa = PBXShellScriptBuildPhase;
			buildActionMask = 2147483647;
			files = (
			);
			inputFileListPaths = (
			);
			inputPaths = (
				"${SRCROOT}/Pods/Target Support Files/Pods-ChilLED/Pods-ChilLED-frameworks.sh",
				"${BUILT_PRODUCTS_DIR}/MKProgress/MKProgress.framework",
			);
			name = "[CP] Embed Pods Frameworks";
			outputFileListPaths = (
			);
			outputPaths = (
				"${TARGET_BUILD_DIR}/${FRAMEWORKS_FOLDER_PATH}/MKProgress.framework",
			);
			runOnlyForDeploymentPostprocessing = 0;
			shellPath = /bin/sh;
			shellScript = "\"${SRCROOT}/Pods/Target Support Files/Pods-ChilLED/Pods-ChilLED-frameworks.sh\"\n";
			showEnvVarsInLog = 0;
		};
/* End PBXShellScriptBuildPhase section */

/* Begin PBXSourcesBuildPhase section */
		CAAF6BEF21F4E3FC004C996C /* Sources */ = {
			isa = PBXSourcesBuildPhase;
			buildActionMask = 2147483647;
			files = (
				CAAF6BF921F4E3FC004C996C /* ViewController.swift in Sources */,
				CAAF6BF721F4E3FC004C996C /* AppDelegate.swift in Sources */,
				CAAF6C0921F4E622004C996C /* DeviceListViewController.swift in Sources */,
			);
			runOnlyForDeploymentPostprocessing = 0;
		};
/* End PBXSourcesBuildPhase section */

/* Begin PBXVariantGroup section */
		CAAF6BFA21F4E3FC004C996C /* Main.storyboard */ = {
			isa = PBXVariantGroup;
			children = (
				CAAF6BFB21F4E3FC004C996C /* Base */,
			);
			name = Main.storyboard;
			sourceTree = "<group>";
		};
		CAAF6BFF21F4E3FE004C996C /* LaunchScreen.storyboard */ = {
			isa = PBXVariantGroup;
			children = (
				CAAF6C0021F4E3FE004C996C /* Base */,
			);
			name = LaunchScreen.storyboard;
			sourceTree = "<group>";
		};
/* End PBXVariantGroup section */

/* Begin XCBuildConfiguration section */
		CAAF6C0321F4E3FE004C996C /* Debug */ = {
			isa = XCBuildConfiguration;
			buildSettings = {
				ALWAYS_SEARCH_USER_PATHS = NO;
				CLANG_ANALYZER_NONNULL = YES;
				CLANG_ANALYZER_NUMBER_OBJECT_CONVERSION = YES_AGGRESSIVE;
				CLANG_CXX_LANGUAGE_STANDARD = "gnu++14";
				CLANG_CXX_LIBRARY = "libc++";
				CLANG_ENABLE_MODULES = YES;
				CLANG_ENABLE_OBJC_ARC = YES;
				CLANG_ENABLE_OBJC_WEAK = YES;
				CLANG_WARN_BLOCK_CAPTURE_AUTORELEASING = YES;
				CLANG_WARN_BOOL_CONVERSION = YES;
				CLANG_WARN_COMMA = YES;
				CLANG_WARN_CONSTANT_CONVERSION = YES;
				CLANG_WARN_DEPRECATED_OBJC_IMPLEMENTATIONS = YES;
				CLANG_WARN_DIRECT_OBJC_ISA_USAGE = YES_ERROR;
				CLANG_WARN_DOCUMENTATION_COMMENTS = YES;
				CLANG_WARN_EMPTY_BODY = YES;
				CLANG_WARN_ENUM_CONVERSION = YES;
				CLANG_WARN_INFINITE_RECURSION = YES;
				CLANG_WARN_INT_CONVERSION = YES;
				CLANG_WARN_NON_LITERAL_NULL_CONVERSION = YES;
				CLANG_WARN_OBJC_IMPLICIT_RETAIN_SELF = YES;
				CLANG_WARN_OBJC_LITERAL_CONVERSION = YES;
				CLANG_WARN_OBJC_ROOT_CLASS = YES_ERROR;
				CLANG_WARN_RANGE_LOOP_ANALYSIS = YES;
				CLANG_WARN_STRICT_PROTOTYPES = YES;
				CLANG_WARN_SUSPICIOUS_MOVE = YES;
				CLANG_WARN_UNGUARDED_AVAILABILITY = YES_AGGRESSIVE;
				CLANG_WARN_UNREACHABLE_CODE = YES;
				CLANG_WARN__DUPLICATE_METHOD_MATCH = YES;
				CODE_SIGN_IDENTITY = "iPhone Developer";
				COPY_PHASE_STRIP = NO;
				DEBUG_INFORMATION_FORMAT = dwarf;
				ENABLE_STRICT_OBJC_MSGSEND = YES;
				ENABLE_TESTABILITY = YES;
				GCC_C_LANGUAGE_STANDARD = gnu11;
				GCC_DYNAMIC_NO_PIC = NO;
				GCC_NO_COMMON_BLOCKS = YES;
				GCC_OPTIMIZATION_LEVEL = 0;
				GCC_PREPROCESSOR_DEFINITIONS = (
					"DEBUG=1",
					"$(inherited)",
				);
				GCC_WARN_64_TO_32_BIT_CONVERSION = YES;
				GCC_WARN_ABOUT_RETURN_TYPE = YES_ERROR;
				GCC_WARN_UNDECLARED_SELECTOR = YES;
				GCC_WARN_UNINITIALIZED_AUTOS = YES_AGGRESSIVE;
				GCC_WARN_UNUSED_FUNCTION = YES;
				GCC_WARN_UNUSED_VARIABLE = YES;
				IPHONEOS_DEPLOYMENT_TARGET = 12.1;
				MTL_ENABLE_DEBUG_INFO = INCLUDE_SOURCE;
				MTL_FAST_MATH = YES;
				ONLY_ACTIVE_ARCH = YES;
				SDKROOT = iphoneos;
				SWIFT_ACTIVE_COMPILATION_CONDITIONS = DEBUG;
				SWIFT_OPTIMIZATION_LEVEL = "-Onone";
			};
			name = Debug;
		};
		CAAF6C0421F4E3FE004C996C /* Release */ = {
			isa = XCBuildConfiguration;
			buildSettings = {
				ALWAYS_SEARCH_USER_PATHS = NO;
				CLANG_ANALYZER_NONNULL = YES;
				CLANG_ANALYZER_NUMBER_OBJECT_CONVERSION = YES_AGGRESSIVE;
				CLANG_CXX_LANGUAGE_STANDARD = "gnu++14";
				CLANG_CXX_LIBRARY = "libc++";
				CLANG_ENABLE_MODULES = YES;
				CLANG_ENABLE_OBJC_ARC = YES;
				CLANG_ENABLE_OBJC_WEAK = YES;
				CLANG_WARN_BLOCK_CAPTURE_AUTORELEASING = YES;
				CLANG_WARN_BOOL_CONVERSION = YES;
				CLANG_WARN_COMMA = YES;
				CLANG_WARN_CONSTANT_CONVERSION = YES;
				CLANG_WARN_DEPRECATED_OBJC_IMPLEMENTATIONS = YES;
				CLANG_WARN_DIRECT_OBJC_ISA_USAGE = YES_ERROR;
				CLANG_WARN_DOCUMENTATION_COMMENTS = YES;
				CLANG_WARN_EMPTY_BODY = YES;
				CLANG_WARN_ENUM_CONVERSION = YES;
				CLANG_WARN_INFINITE_RECURSION = YES;
				CLANG_WARN_INT_CONVERSION = YES;
				CLANG_WARN_NON_LITERAL_NULL_CONVERSION = YES;
				CLANG_WARN_OBJC_IMPLICIT_RETAIN_SELF = YES;
				CLANG_WARN_OBJC_LITERAL_CONVERSION = YES;
				CLANG_WARN_OBJC_ROOT_CLASS = YES_ERROR;
				CLANG_WARN_RANGE_LOOP_ANALYSIS = YES;
				CLANG_WARN_STRICT_PROTOTYPES = YES;
				CLANG_WARN_SUSPICIOUS_MOVE = YES;
				CLANG_WARN_UNGUARDED_AVAILABILITY = YES_AGGRESSIVE;
				CLANG_WARN_UNREACHABLE_CODE = YES;
				CLANG_WARN__DUPLICATE_METHOD_MATCH = YES;
				CODE_SIGN_IDENTITY = "iPhone Developer";
				COPY_PHASE_STRIP = NO;
				DEBUG_INFORMATION_FORMAT = "dwarf-with-dsym";
				ENABLE_NS_ASSERTIONS = NO;
				ENABLE_STRICT_OBJC_MSGSEND = YES;
				GCC_C_LANGUAGE_STANDARD = gnu11;
				GCC_NO_COMMON_BLOCKS = YES;
				GCC_WARN_64_TO_32_BIT_CONVERSION = YES;
				GCC_WARN_ABOUT_RETURN_TYPE = YES_ERROR;
				GCC_WARN_UNDECLARED_SELECTOR = YES;
				GCC_WARN_UNINITIALIZED_AUTOS = YES_AGGRESSIVE;
				GCC_WARN_UNUSED_FUNCTION = YES;
				GCC_WARN_UNUSED_VARIABLE = YES;
				IPHONEOS_DEPLOYMENT_TARGET = 12.1;
				MTL_ENABLE_DEBUG_INFO = NO;
				MTL_FAST_MATH = YES;
				SDKROOT = iphoneos;
				SWIFT_COMPILATION_MODE = wholemodule;
				SWIFT_OPTIMIZATION_LEVEL = "-O";
				VALIDATE_PRODUCT = YES;
			};
			name = Release;
		};
		CAAF6C0621F4E3FE004C996C /* Debug */ = {
			isa = XCBuildConfiguration;
			baseConfigurationReference = A4005B5886D903E47C96582E /* Pods-ChilLED.debug.xcconfig */;
			buildSettings = {
				ASSETCATALOG_COMPILER_APPICON_NAME = AppIcon;
				CODE_SIGN_STYLE = Manual;
				DEVELOPMENT_TEAM = D4J7AW2S69;
				INFOPLIST_FILE = ChilLED/Info.plist;
				LD_RUNPATH_SEARCH_PATHS = (
					"$(inherited)",
					"@executable_path/Frameworks",
				);
				PRODUCT_BUNDLE_IDENTIFIER = com.guru.ChilLED;
				PRODUCT_NAME = "$(TARGET_NAME)";
				PROVISIONING_PROFILE_SPECIFIER = All_Dev_160129;
				SWIFT_VERSION = 4.2;
				TARGETED_DEVICE_FAMILY = "1,2";
			};
			name = Debug;
		};
		CAAF6C0721F4E3FE004C996C /* Release */ = {
			isa = XCBuildConfiguration;
			baseConfigurationReference = 3CAFD85E11D93B0A176572C5 /* Pods-ChilLED.release.xcconfig */;
			buildSettings = {
				ASSETCATALOG_COMPILER_APPICON_NAME = AppIcon;
				CODE_SIGN_STYLE = Manual;
				DEVELOPMENT_TEAM = "";
				INFOPLIST_FILE = ChilLED/Info.plist;
				LD_RUNPATH_SEARCH_PATHS = (
					"$(inherited)",
					"@executable_path/Frameworks",
				);
				PRODUCT_BUNDLE_IDENTIFIER = com.guru.ChilLED;
				PRODUCT_NAME = "$(TARGET_NAME)";
				PROVISIONING_PROFILE_SPECIFIER = "";
				SWIFT_VERSION = 4.2;
				TARGETED_DEVICE_FAMILY = "1,2";
			};
			name = Release;
		};
/* End XCBuildConfiguration section */

/* Begin XCConfigurationList section */
		CAAF6BEE21F4E3FC004C996C /* Build configuration list for PBXProject "ChilLED" */ = {
			isa = XCConfigurationList;
			buildConfigurations = (
				CAAF6C0321F4E3FE004C996C /* Debug */,
				CAAF6C0421F4E3FE004C996C /* Release */,
			);
			defaultConfigurationIsVisible = 0;
			defaultConfigurationName = Release;
		};
		CAAF6C0521F4E3FE004C996C /* Build configuration list for PBXNativeTarget "ChilLED" */ = {
			isa = XCConfigurationList;
			buildConfigurations = (
				CAAF6C0621F4E3FE004C996C /* Debug */,
				CAAF6C0721F4E3FE004C996C /* Release */,
			);
			defaultConfigurationIsVisible = 0;
			defaultConfigurationName = Release;
		};
/* End XCConfigurationList section */
	};
	rootObject = CAAF6BEB21F4E3FC004C996C /* Project object */;
}
